# This file is autogenerated, do not edit; changes may be undone by the next 'dep ensure'.


[[projects]]
  name = "github.com/docker/distribution"
  packages = [".","digestset","manifest","manifest/schema1","manifest/schema2","reference"]
  revision = "7484e51bf6af0d3b1a849644cdaced3cfcf13617"

[[projects]]
  branch = "master"
  name = "github.com/docker/libtrust"
  packages = ["."]
  revision = "aabc10ec26b754e797f9028f4589c5b7bd90dc20"

[[projects]]
  name = "github.com/opencontainers/go-digest"
  packages = ["."]
  revision = "279bed98673dd5bef374d3b6e4b09e2af76183bf"

[[projects]]
  name = "github.com/sirupsen/logrus"
  packages = ["."]
  revision = "d682213848ed68c0a260ca37d6dd5ace8423f5ba"
  version = "v1.0.4"

[[projects]]
  name = "github.com/urfave/cli"
  packages = ["."]
  revision = "cfb38830724cc34fedffe9a2a29fb54fa9169cd1"
  version = "v1.20.0"

[[projects]]
  name = "github.com/yodo-io/docker-registry-client"
  packages = ["registry"]
  revision = "a7dc2b78528c9fa6864d95778ddcab19558632b8"
  version = "0.0.3"

[[projects]]
  branch = "master"
  name = "golang.org/x/crypto"
  packages = ["ssh/terminal"]
  revision = "0fcca4842a8d74bfddc2c96a073bd2a4d2a7a2e8"

[[projects]]
  branch = "master"
  name = "golang.org/x/sys"
  packages = ["unix","windows"]
  revision = "d38bf781f16e180a1b2ad82697d2f81d7b7ecfac"

[solve-meta]
  analyzer-name = "dep"
  analyzer-version = 1
  inputs-digest = "871d167eb00c605d805a2c2529fe5fc92af29f4113765c003410eb1c6ccef1c1"
  solver-name = "gps-cdcl"
  solver-version = 1
